
Microsoft Visual Studio Solution File, Format Version 12.00
# Visual Studio Version 17
VisualStudioVersion = 17.0.32112.339
MinimumVisualStudioVersion = 10.0.40219.1
Project("{FAE04EC0-301F-11D3-BF4B-00C04F79EFBC}") = "Arrays", "Arrays.csproj", "{A1C3C88E-44CF-4E59-AA1F-8E347D0FD10B}"
EndProject
Global
	GlobalSection(SolutionConfigurationPlatforms) = preSolution
		Debug|Any CPU = Debug|Any CPU
		Release|Any CPU = Release|Any CPU
	EndGlobalSection
	GlobalSection(ProjectConfigurationPlatforms) = postSolution
		{A1C3C88E-44CF-4E59-AA1F-8E347D0FD10B}.Debug|Any CPU.ActiveCfg = Debug|Any CPU
		{A1C3C88E-44CF-4E59-AA1F-8E347D0FD10B}.Debug|Any CPU.Build.0 = Debug|Any CPU
		{A1C3C88E-44CF-4E59-AA1F-8E347D0FD10B}.Release|Any CPU.ActiveCfg = Release|Any CPU
		{A1C3C88E-44CF-4E59-AA1F-8E347D0FD10B}.Release|Any CPU.Build.0 = Release|Any CPU
	EndGlobalSection
	GlobalSection(SolutionProperties) = preSolution
		HideSolutionNode = FALSE
	EndGlobalSection
	GlobalSection(ExtensibilityGlobals) = postSolution
		SolutionGuid = {B441FA50-FCF7-4036-848B-E8E68D894BEB}
	EndGlobalSection
EndGlobal
